
Microsoft Visual Studio Solution File, Format Version 12.00
# Visual Studio Version 17
VisualStudioVersion = 17.8.34330.188
MinimumVisualStudioVersion = 10.0.40219.1
Project("{9A19103F-16F7-4668-BE54-9A1E7A4F7556}") = "Tarumt.CC.Ecommerce.Core", "Tarumt.CC.Ecommerce.Core\Tarumt.CC.Ecommerce.Core.csproj", "{B303A431-2724-43C5-BF45-83AC54112376}"
EndProject
Project("{9A19103F-16F7-4668-BE54-9A1E7A4F7556}") = "Tarumt.CC.Ecommerce.SharedLibrary", "Tarumt.CC.Ecommerce.SharedLibrary\Tarumt.CC.Ecommerce.SharedLibrary.csproj", "{27C44FDC-E85D-43C7-B13F-3BB91A0AE303}"
EndProject
Global
	GlobalSection(SolutionConfigurationPlatforms) = preSolution
		Debug|Any CPU = Debug|Any CPU
		Release|Any CPU = Release|Any CPU
	EndGlobalSection
	GlobalSection(ProjectConfigurationPlatforms) = postSolution
		{B303A431-2724-43C5-BF45-83AC54112376}.Debug|Any CPU.ActiveCfg = Debug|Any CPU
		{B303A431-2724-43C5-BF45-83AC54112376}.Debug|Any CPU.Build.0 = Debug|Any CPU
		{B303A431-2724-43C5-BF45-83AC54112376}.Release|Any CPU.ActiveCfg = Release|Any CPU
		{B303A431-2724-43C5-BF45-83AC54112376}.Release|Any CPU.Build.0 = Release|Any CPU
		{27C44FDC-E85D-43C7-B13F-3BB91A0AE303}.Debug|Any CPU.ActiveCfg = Debug|Any CPU
		{27C44FDC-E85D-43C7-B13F-3BB91A0AE303}.Debug|Any CPU.Build.0 = Debug|Any CPU
		{27C44FDC-E85D-43C7-B13F-3BB91A0AE303}.Release|Any CPU.ActiveCfg = Release|Any CPU
		{27C44FDC-E85D-43C7-B13F-3BB91A0AE303}.Release|Any CPU.Build.0 = Release|Any CPU
	EndGlobalSection
	GlobalSection(SolutionProperties) = preSolution
		HideSolutionNode = FALSE
	EndGlobalSection
	GlobalSection(ExtensibilityGlobals) = postSolution
		SolutionGuid = {1F4539A5-840A-410C-8993-EE559CBCC8DD}
	EndGlobalSection
EndGlobal
